PODS:
  - flutter_blue (0.0.1):
    - flutter_blue/Protos (= 0.0.1)
    - FlutterMacOS
  - flutter_blue/Protos (0.0.1):
    - FlutterMacOS
    - Protobuf (~> 3.11.4)
  - FlutterMacOS (3.16.0)
  - Protobuf (3.11.4)

DEPENDENCIES:
  - flutter_blue (from `Flutter/ephemeral/.symlinks/plugins/flutter_blue/macos`)

SPEC REPOS:
  trunk:
    - FlutterMacOS
    - Protobuf

EXTERNAL SOURCES:
  flutter_blue:
    :path: Flutter/ephemeral/.symlinks/plugins/flutter_blue/macos

SPEC CHECKSUMS:
  flutter_blue: 2756506bb10a51e075832da287b48bf5377bdc28
  FlutterMacOS: e3a770a0491c92e0a818040ef520b21a29defdbc
  Protobuf: 176220c526ad8bd09ab1fb40a978eac3fef665f7

PODFILE CHECKSUM: ddd3aa4d07cc5dab3117d603663381249f65ef18

COCOAPODS: 1.12.0
